
Microsoft Visual Studio Solution File, Format Version 12.00
# Visual Studio Version 16
VisualStudioVersion = 16.0.30413.136
MinimumVisualStudioVersion = 10.0.40219.1
Project("{FAE04EC0-301F-11D3-BF4B-00C04F79EFBC}") = "Steam-TTS", "Steam-TTS\Steam-TTS.csproj", "{4066D53F-1751-40A3-8E60-384A7C5CD5DE}"
EndProject
Global
	GlobalSection(SolutionConfigurationPlatforms) = preSolution
		Debug|Any CPU = Debug|Any CPU
		Release|Any CPU = Release|Any CPU
	EndGlobalSection
	GlobalSection(ProjectConfigurationPlatforms) = postSolution
		{4066D53F-1751-40A3-8E60-384A7C5CD5DE}.Debug|Any CPU.ActiveCfg = Debug|Any CPU
		{4066D53F-1751-40A3-8E60-384A7C5CD5DE}.Debug|Any CPU.Build.0 = Debug|Any CPU
		{4066D53F-1751-40A3-8E60-384A7C5CD5DE}.Release|Any CPU.ActiveCfg = Release|Any CPU
		{4066D53F-1751-40A3-8E60-384A7C5CD5DE}.Release|Any CPU.Build.0 = Release|Any CPU
	EndGlobalSection
	GlobalSection(SolutionProperties) = preSolution
		HideSolutionNode = FALSE
	EndGlobalSection
	GlobalSection(ExtensibilityGlobals) = postSolution
		SolutionGuid = {736AF0D7-DF22-40D9-8917-A722BEB7C36E}
	EndGlobalSection
EndGlobal
